
Microsoft Visual Studio Solution File, Format Version 12.00
# Visual Studio Version 17
VisualStudioVersion = 17.0.31903.59
MinimumVisualStudioVersion = 10.0.40219.1
Project("{9A19103F-16F7-4668-BE54-9A1E7A4F7556}") = "TextScrapping", "TextScrapping\TextScrapping.csproj", "{4C0BAB4F-A54B-458B-A034-3AADA53D89F2}"
EndProject
Project("{9A19103F-16F7-4668-BE54-9A1E7A4F7556}") = "TestProj", "TestProj\TestProj.csproj", "{11AC5823-806D-4169-BF52-0F60B4C6F45C}"
EndProject
Global
	GlobalSection(SolutionConfigurationPlatforms) = preSolution
		Debug|Any CPU = Debug|Any CPU
		Release|Any CPU = Release|Any CPU
	EndGlobalSection
	GlobalSection(ProjectConfigurationPlatforms) = postSolution
		{4C0BAB4F-A54B-458B-A034-3AADA53D89F2}.Debug|Any CPU.ActiveCfg = Debug|Any CPU
		{4C0BAB4F-A54B-458B-A034-3AADA53D89F2}.Debug|Any CPU.Build.0 = Debug|Any CPU
		{4C0BAB4F-A54B-458B-A034-3AADA53D89F2}.Release|Any CPU.ActiveCfg = Release|Any CPU
		{4C0BAB4F-A54B-458B-A034-3AADA53D89F2}.Release|Any CPU.Build.0 = Release|Any CPU
		{11AC5823-806D-4169-BF52-0F60B4C6F45C}.Debug|Any CPU.ActiveCfg = Debug|Any CPU
		{11AC5823-806D-4169-BF52-0F60B4C6F45C}.Debug|Any CPU.Build.0 = Debug|Any CPU
		{11AC5823-806D-4169-BF52-0F60B4C6F45C}.Release|Any CPU.ActiveCfg = Release|Any CPU
		{11AC5823-806D-4169-BF52-0F60B4C6F45C}.Release|Any CPU.Build.0 = Release|Any CPU
	EndGlobalSection
	GlobalSection(SolutionProperties) = preSolution
		HideSolutionNode = FALSE
	EndGlobalSection
	GlobalSection(ExtensibilityGlobals) = postSolution
		SolutionGuid = {C8248EE9-445C-405A-AB2C-4D3C7E4AE880}
	EndGlobalSection
EndGlobal
